
Microsoft Visual Studio Solution File, Format Version 12.00
# Visual Studio Version 17
VisualStudioVersion = 17.4.33213.308
MinimumVisualStudioVersion = 10.0.40219.1
Project("{FAE04EC0-301F-11D3-BF4B-00C04F79EFBC}") = "PhobsRedisApi", "PhobsRedisApi\PhobsRedisApi.csproj", "{990B9776-7635-4687-A772-8057622357C1}"
EndProject
Global
	GlobalSection(SolutionConfigurationPlatforms) = preSolution
		Debug|Any CPU = Debug|Any CPU
		Release|Any CPU = Release|Any CPU
	EndGlobalSection
	GlobalSection(ProjectConfigurationPlatforms) = postSolution
		{990B9776-7635-4687-A772-8057622357C1}.Debug|Any CPU.ActiveCfg = Debug|Any CPU
		{990B9776-7635-4687-A772-8057622357C1}.Debug|Any CPU.Build.0 = Debug|Any CPU
		{990B9776-7635-4687-A772-8057622357C1}.Release|Any CPU.ActiveCfg = Release|Any CPU
		{990B9776-7635-4687-A772-8057622357C1}.Release|Any CPU.Build.0 = Release|Any CPU
	EndGlobalSection
	GlobalSection(SolutionProperties) = preSolution
		HideSolutionNode = FALSE
	EndGlobalSection
	GlobalSection(ExtensibilityGlobals) = postSolution
		SolutionGuid = {E6019A7E-FE34-4522-87F7-5F2305F7E802}
	EndGlobalSection
EndGlobal
